// !$*UTF8*$!
{
	archiveVersion = 1;
	classes = {
	};
	objectVersion = 56;
	objects = {

/* Begin PBXBuildFile section */
		911CBEA42AF67A8A005EBAC4 /* AppDelegate.swift in Sources */ = {isa = PBXBuildFile; fileRef = 911CBEA32AF67A8A005EBAC4 /* AppDelegate.swift */; };
		911CBEA62AF67A8A005EBAC4 /* SceneDelegate.swift in Sources */ = {isa = PBXBuildFile; fileRef = 911CBEA52AF67A8A005EBAC4 /* SceneDelegate.swift */; };
		911CBEA82AF67A8A005EBAC4 /* ViewController.swift in Sources */ = {isa = PBXBuildFile; fileRef = 911CBEA72AF67A8A005EBAC4 /* ViewController.swift */; };
		911CBEAB2AF67A8A005EBAC4 /* Main.storyboard in Resources */ = {isa = PBXBuildFile; fileRef = 911CBEA92AF67A8A005EBAC4 /* Main.storyboard */; };
		911CBEAE2AF67A8A005EBAC4 /* ListApp2.xcdatamodeld in Sources */ = {isa = PBXBuildFile; fileRef = 911CBEAC2AF67A8A005EBAC4 /* ListApp2.xcdatamodeld */; };
		911CBEB02AF67A8B005EBAC4 /* Assets.xcassets in Resources */ = {isa = PBXBuildFile; fileRef = 911CBEAF2AF67A8B005EBAC4 /* Assets.xcassets */; };
		911CBEB32AF67A8B005EBAC4 /* LaunchScreen.storyboard in Resources */ = {isa = PBXBuildFile; fileRef = 911CBEB12AF67A8B005EBAC4 /* LaunchScreen.storyboard */; };
/* End PBXBuildFile section */

/* Begin PBXFileReference section */
		911CBEA02AF67A8A005EBAC4 /* ListApp2.app */ = {isa = PBXFileReference; explicitFileType = wrapper.application; includeInIndex = 0; path = ListApp2.app; sourceTree = BUILT_PRODUCTS_DIR; };
		911CBEA32AF67A8A005EBAC4 /* AppDelegate.swift */ = {isa = PBXFileReference; lastKnownFileType = sourcecode.swift; path = AppDelegate.swift; sourceTree = "<group>"; };
		911CBEA52AF67A8A005EBAC4 /* SceneDelegate.swift */ = {isa = PBXFileReference; lastKnownFileType = sourcecode.swift; path = SceneDelegate.swift; sourceTree = "<group>"; };
		911CBEA72AF67A8A005EBAC4 /* ViewController.swift */ = {isa = PBXFileReference; lastKnownFileType = sourcecode.swift; path = ViewController.swift; sourceTree = "<group>"; };
		911CBEAA2AF67A8A005EBAC4 /* Base */ = {isa = PBXFileReference; lastKnownFileType = file.storyboard; name = Base; path = Base.lproj/Main.storyboard; sourceTree = "<group>"; };
		911CBEAD2AF67A8A005EBAC4 /* ListApp2.xcdatamodel */ = {isa = PBXFileReference; lastKnownFileType = wrapper.xcdatamodel; path = ListApp2.xcdatamodel; sourceTree = "<group>"; };
		911CBEAF2AF67A8B005EBAC4 /* Assets.xcassets */ = {isa = PBXFileReference; lastKnownFileType = folder.assetcatalog; path = Assets.xcassets; sourceTree = "<group>"; };
		911CBEB22AF67A8B005EBAC4 /* Base */ = {isa = PBXFileReference; lastKnownFileType = file.storyboard; name = Base; path = Base.lproj/LaunchScreen.storyboard; sourceTree = "<group>"; };
		911CBEB42AF67A8B005EBAC4 /* Info.plist */ = {isa = PBXFileReference; lastKnownFileType = text.plist.xml; path = Info.plist; sourceTree = "<group>"; };
/* End PBXFileReference section */

/* Begin PBXFrameworksBuildPhase section */
		911CBE9D2AF67A8A005EBAC4 /* Frameworks */ = {
			isa = PBXFrameworksBuildPhase;
			buildActionMask = 2147483647;
			files = (
			);
			runOnlyForDeploymentPostprocessing = 0;
		};
/* End PBXFrameworksBuildPhase section */

/* Begin PBXGroup section */
		911CBE972AF67A8A005EBAC4 = {
			isa = PBXGroup;
			children = (
				911CBEA22AF67A8A005EBAC4 /* ListApp2 */,
				911CBEA12AF67A8A005EBAC4 /* Products */,
			);
			sourceTree = "<group>";
		};
		911CBEA12AF67A8A005EBAC4 /* Products */ = {
			isa = PBXGroup;
			children = (
				911CBEA02AF67A8A005EBAC4 /* ListApp2.app */,
			);
			name = Products;
			sourceTree = "<group>";
		};
		911CBEA22AF67A8A005EBAC4 /* ListApp2 */ = {
			isa = PBXGroup;
			children = (
				911CBEBC2AF694B6005EBAC4 /* Controllers */,
				911CBEBB2AF694AA005EBAC4 /* Views */,
				911CBEBA2AF69487005EBAC4 /* Supporting Files */,
			);
			path = ListApp2;
			sourceTree = "<group>";
		};
		911CBEBA2AF69487005EBAC4 /* Supporting Files */ = {
			isa = PBXGroup;
			children = (
				911CBEAC2AF67A8A005EBAC4 /* ListApp2.xcdatamodeld */,
				911CBEB42AF67A8B005EBAC4 /* Info.plist */,
				911CBEB12AF67A8B005EBAC4 /* LaunchScreen.storyboard */,
				911CBEAF2AF67A8B005EBAC4 /* Assets.xcassets */,
				911CBEA52AF67A8A005EBAC4 /* SceneDelegate.swift */,
				911CBEA32AF67A8A005EBAC4 /* AppDelegate.swift */,
			);
			path = "Supporting Files";
			sourceTree = "<group>";
		};
		911CBEBB2AF694AA005EBAC4 /* Views */ = {
			isa = PBXGroup;
			children = (
				911CBEA92AF67A8A005EBAC4 /* Main.storyboard */,
			);
			path = Views;
			sourceTree = "<group>";
		};
		911CBEBC2AF694B6005EBAC4 /* Controllers */ = {
			isa = PBXGroup;
			children = (
				911CBEA72AF67A8A005EBAC4 /* ViewController.swift */,
			);
			path = Controllers;
			sourceTree = "<group>";
		};
/* End PBXGroup section */

/* Begin PBXNativeTarget section */
		911CBE9F2AF67A8A005EBAC4 /* ListApp2 */ = {
			isa = PBXNativeTarget;
			buildConfigurationList = 911CBEB72AF67A8B005EBAC4 /* Build configuration list for PBXNativeTarget "ListApp2" */;
			buildPhases = (
				911CBE9C2AF67A8A005EBAC4 /* Sources */,
				911CBE9D2AF67A8A005EBAC4 /* Frameworks */,
				911CBE9E2AF67A8A005EBAC4 /* Resources */,
			);
			buildRules = (
			);
			dependencies = (
			);
			name = ListApp2;
			productName = ListApp2;
			productReference = 911CBEA02AF67A8A005EBAC4 /* ListApp2.app */;
			productType = "com.apple.product-type.application";
		};
/* End PBXNativeTarget section */

/* Begin PBXProject section */
		911CBE982AF67A8A005EBAC4 /* Project object */ = {
			isa = PBXProject;
			attributes = {
				BuildIndependentTargetsInParallel = 1;
				LastSwiftUpdateCheck = 1500;
				LastUpgradeCheck = 1500;
				TargetAttributes = {
					911CBE9F2AF67A8A005EBAC4 = {
						CreatedOnToolsVersion = 15.0;
					};
				};
			};
			buildConfigurationList = 911CBE9B2AF67A8A005EBAC4 /* Build configuration list for PBXProject "ListApp2" */;
			compatibilityVersion = "Xcode 14.0";
			developmentRegion = en;
			hasScannedForEncodings = 0;
			knownRegions = (
				en,
				Base,
			);
			mainGroup = 911CBE972AF67A8A005EBAC4;
			productRefGroup = 911CBEA12AF67A8A005EBAC4 /* Products */;
			projectDirPath = "";
			projectRoot = "";
			targets = (
				911CBE9F2AF67A8A005EBAC4 /* ListApp2 */,
			);
		};
/* End PBXProject section */

/* Begin PBXResourcesBuildPhase section */
		911CBE9E2AF67A8A005EBAC4 /* Resources */ = {
			isa = PBXResourcesBuildPhase;
			buildActionMask = 2147483647;
			files = (
				911CBEB32AF67A8B005EBAC4 /* LaunchScreen.storyboard in Resources */,
				911CBEB02AF67A8B005EBAC4 /* Assets.xcassets in Resources */,
				911CBEAB2AF67A8A005EBAC4 /* Main.storyboard in Resources */,
			);
			runOnlyForDeploymentPostprocessing = 0;
		};
/* End PBXResourcesBuildPhase section */

/* Begin PBXSourcesBuildPhase section */
		911CBE9C2AF67A8A005EBAC4 /* Sources */ = {
			isa = PBXSourcesBuildPhase;
			buildActionMask = 2147483647;
			files = (
				911CBEAE2AF67A8A005EBAC4 /* ListApp2.xcdatamodeld in Sources */,
				911CBEA82AF67A8A005EBAC4 /* ViewController.swift in Sources */,
				911CBEA42AF67A8A005EBAC4 /* AppDelegate.swift in Sources */,
				911CBEA62AF67A8A005EBAC4 /* SceneDelegate.swift in Sources */,
			);
			runOnlyForDeploymentPostprocessing = 0;
		};
/* End PBXSourcesBuildPhase section */

/* Begin PBXVariantGroup section */
		911CBEA92AF67A8A005EBAC4 /* Main.storyboard */ = {
			isa = PBXVariantGroup;
			children = (
				911CBEAA2AF67A8A005EBAC4 /* Base */,
			);
			name = Main.storyboard;
			sourceTree = "<group>";
		};
		911CBEB12AF67A8B005EBAC4 /* LaunchScreen.storyboard */ = {
			isa = PBXVariantGroup;
			children = (
				911CBEB22AF67A8B005EBAC4 /* Base */,
			);
			name = LaunchScreen.storyboard;
			sourceTree = "<group>";
		};
/* End PBXVariantGroup section */

/* Begin XCBuildConfiguration section */
		911CBEB52AF67A8B005EBAC4 /* Debug */ = {
			isa = XCBuildConfiguration;
			buildSettings = {
				ALWAYS_SEARCH_USER_PATHS = NO;
				ASSETCATALOG_COMPILER_GENERATE_SWIFT_ASSET_SYMBOL_EXTENSIONS = YES;
				CLANG_ANALYZER_NONNULL = YES;
				CLANG_ANALYZER_NUMBER_OBJECT_CONVERSION = YES_AGGRESSIVE;
				CLANG_CXX_LANGUAGE_STANDARD = "gnu++20";
				CLANG_ENABLE_MODULES = YES;
				CLANG_ENABLE_OBJC_ARC = YES;
				CLANG_ENABLE_OBJC_WEAK = YES;
				CLANG_WARN_BLOCK_CAPTURE_AUTORELEASING = YES;
				CLANG_WARN_BOOL_CONVERSION = YES;
				CLANG_WARN_COMMA = YES;
				CLANG_WARN_CONSTANT_CONVERSION = YES;
				CLANG_WARN_DEPRECATED_OBJC_IMPLEMENTATIONS = YES;
				CLANG_WARN_DIRECT_OBJC_ISA_USAGE = YES_ERROR;
				CLANG_WARN_DOCUMENTATION_COMMENTS = YES;
				CLANG_WARN_EMPTY_BODY = YES;
				CLANG_WARN_ENUM_CONVERSION = YES;
				CLANG_WARN_INFINITE_RECURSION = YES;
				CLANG_WARN_INT_CONVERSION = YES;
				CLANG_WARN_NON_LITERAL_NULL_CONVERSION = YES;
				CLANG_WARN_OBJC_IMPLICIT_RETAIN_SELF = YES;
				CLANG_WARN_OBJC_LITERAL_CONVERSION = YES;
				CLANG_WARN_OBJC_ROOT_CLASS = YES_ERROR;
				CLANG_WARN_QUOTED_INCLUDE_IN_FRAMEWORK_HEADER = YES;
				CLANG_WARN_RANGE_LOOP_ANALYSIS = YES;
				CLANG_WARN_STRICT_PROTOTYPES = YES;
				CLANG_WARN_SUSPICIOUS_MOVE = YES;
				CLANG_WARN_UNGUARDED_AVAILABILITY = YES_AGGRESSIVE;
				CLANG_WARN_UNREACHABLE_CODE = YES;
				CLANG_WARN__DUPLICATE_METHOD_MATCH = YES;
				COPY_PHASE_STRIP = NO;
				DEBUG_INFORMATION_FORMAT = dwarf;
				ENABLE_STRICT_OBJC_MSGSEND = YES;
				ENABLE_TESTABILITY = YES;
				ENABLE_USER_SCRIPT_SANDBOXING = YES;
				GCC_C_LANGUAGE_STANDARD = gnu17;
				GCC_DYNAMIC_NO_PIC = NO;
				GCC_NO_COMMON_BLOCKS = YES;
				GCC_OPTIMIZATION_LEVEL = 0;
				GCC_PREPROCESSOR_DEFINITIONS = (
					"DEBUG=1",
					"$(inherited)",
				);
				GCC_WARN_64_TO_32_BIT_CONVERSION = YES;
				GCC_WARN_ABOUT_RETURN_TYPE = YES_ERROR;
				GCC_WARN_UNDECLARED_SELECTOR = YES;
				GCC_WARN_UNINITIALIZED_AUTOS = YES_AGGRESSIVE;
				GCC_WARN_UNUSED_FUNCTION = YES;
				GCC_WARN_UNUSED_VARIABLE = YES;
				IPHONEOS_DEPLOYMENT_TARGET = 17.0;
				LOCALIZATION_PREFERS_STRING_CATALOGS = YES;
				MTL_ENABLE_DEBUG_INFO = INCLUDE_SOURCE;
				MTL_FAST_MATH = YES;
				ONLY_ACTIVE_ARCH = YES;
				SDKROOT = iphoneos;
				SWIFT_ACTIVE_COMPILATION_CONDITIONS = "DEBUG $(inherited)";
				SWIFT_OPTIMIZATION_LEVEL = "-Onone";
			};
			name = Debug;
		};
		911CBEB62AF67A8B005EBAC4 /* Release */ = {
			isa = XCBuildConfiguration;
			buildSettings = {
				ALWAYS_SEARCH_USER_PATHS = NO;
				ASSETCATALOG_COMPILER_GENERATE_SWIFT_ASSET_SYMBOL_EXTENSIONS = YES;
				CLANG_ANALYZER_NONNULL = YES;
				CLANG_ANALYZER_NUMBER_OBJECT_CONVERSION = YES_AGGRESSIVE;
				CLANG_CXX_LANGUAGE_STANDARD = "gnu++20";
				CLANG_ENABLE_MODULES = YES;
				CLANG_ENABLE_OBJC_ARC = YES;
				CLANG_ENABLE_OBJC_WEAK = YES;
				CLANG_WARN_BLOCK_CAPTURE_AUTORELEASING = YES;
				CLANG_WARN_BOOL_CONVERSION = YES;
				CLANG_WARN_COMMA = YES;
				CLANG_WARN_CONSTANT_CONVERSION = YES;
				CLANG_WARN_DEPRECATED_OBJC_IMPLEMENTATIONS = YES;
				CLANG_WARN_DIRECT_OBJC_ISA_USAGE = YES_ERROR;
				CLANG_WARN_DOCUMENTATION_COMMENTS = YES;
				CLANG_WARN_EMPTY_BODY = YES;
				CLANG_WARN_ENUM_CONVERSION = YES;
				CLANG_WARN_INFINITE_RECURSION = YES;
				CLANG_WARN_INT_CONVERSION = YES;
				CLANG_WARN_NON_LITERAL_NULL_CONVERSION = YES;
				CLANG_WARN_OBJC_IMPLICIT_RETAIN_SELF = YES;
				CLANG_WARN_OBJC_LITERAL_CONVERSION = YES;
				CLANG_WARN_OBJC_ROOT_CLASS = YES_ERROR;
				CLANG_WARN_QUOTED_INCLUDE_IN_FRAMEWORK_HEADER = YES;
				CLANG_WARN_RANGE_LOOP_ANALYSIS = YES;
				CLANG_WARN_STRICT_PROTOTYPES = YES;
				CLANG_WARN_SUSPICIOUS_MOVE = YES;
				CLANG_WARN_UNGUARDED_AVAILABILITY = YES_AGGRESSIVE;
				CLANG_WARN_UNREACHABLE_CODE = YES;
				CLANG_WARN__DUPLICATE_METHOD_MATCH = YES;
				COPY_PHASE_STRIP = NO;
				DEBUG_INFORMATION_FORMAT = "dwarf-with-dsym";
				ENABLE_NS_ASSERTIONS = NO;
				ENABLE_STRICT_OBJC_MSGSEND = YES;
				ENABLE_USER_SCRIPT_SANDBOXING = YES;
				GCC_C_LANGUAGE_STANDARD = gnu17;
				GCC_NO_COMMON_BLOCKS = YES;
				GCC_WARN_64_TO_32_BIT_CONVERSION = YES;
				GCC_WARN_ABOUT_RETURN_TYPE = YES_ERROR;
				GCC_WARN_UNDECLARED_SELECTOR = YES;
				GCC_WARN_UNINITIALIZED_AUTOS = YES_AGGRESSIVE;
				GCC_WARN_UNUSED_FUNCTION = YES;
				GCC_WARN_UNUSED_VARIABLE = YES;
				IPHONEOS_DEPLOYMENT_TARGET = 17.0;
				LOCALIZATION_PREFERS_STRING_CATALOGS = YES;
				MTL_ENABLE_DEBUG_INFO = NO;
				MTL_FAST_MATH = YES;
				SDKROOT = iphoneos;
				SWIFT_COMPILATION_MODE = wholemodule;
				VALIDATE_PRODUCT = YES;
			};
			name = Release;
		};
		911CBEB82AF67A8B005EBAC4 /* Debug */ = {
			isa = XCBuildConfiguration;
			buildSettings = {
				ASSETCATALOG_COMPILER_APPICON_NAME = AppIcon;
				ASSETCATALOG_COMPILER_GLOBAL_ACCENT_COLOR_NAME = AccentColor;
				CODE_SIGN_STYLE = Automatic;
				CURRENT_PROJECT_VERSION = 1;
				DEVELOPMENT_TEAM = AJV5U5RCH4;
				GENERATE_INFOPLIST_FILE = YES;
				INFOPLIST_FILE = "ListApp2/Supporting Files/Info.plist";
				INFOPLIST_KEY_UIApplicationSupportsIndirectInputEvents = YES;
				INFOPLIST_KEY_UILaunchStoryboardName = LaunchScreen;
				INFOPLIST_KEY_UIMainStoryboardFile = Main;
				INFOPLIST_KEY_UISupportedInterfaceOrientations_iPad = "UIInterfaceOrientationPortrait UIInterfaceOrientationPortraitUpsideDown UIInterfaceOrientationLandscapeLeft UIInterfaceOrientationLandscapeRight";
				INFOPLIST_KEY_UISupportedInterfaceOrientations_iPhone = "UIInterfaceOrientationPortrait UIInterfaceOrientationLandscapeLeft UIInterfaceOrientationLandscapeRight";
				LD_RUNPATH_SEARCH_PATHS = (
					"$(inherited)",
					"@executable_path/Frameworks",
				);
				MARKETING_VERSION = 1.0;
				PRODUCT_BUNDLE_IDENTIFIER = sengul.ListApp2;
				PRODUCT_NAME = "$(TARGET_NAME)";
				SWIFT_EMIT_LOC_STRINGS = YES;
				SWIFT_VERSION = 5.0;
				TARGETED_DEVICE_FAMILY = "1,2";
			};
			name = Debug;
		};
		911CBEB92AF67A8B005EBAC4 /* Release */ = {
			isa = XCBuildConfiguration;
			buildSettings = {
				ASSETCATALOG_COMPILER_APPICON_NAME = AppIcon;
				ASSETCATALOG_COMPILER_GLOBAL_ACCENT_COLOR_NAME = AccentColor;
				CODE_SIGN_STYLE = Automatic;
				CURRENT_PROJECT_VERSION = 1;
				DEVELOPMENT_TEAM = AJV5U5RCH4;
				GENERATE_INFOPLIST_FILE = YES;
				INFOPLIST_FILE = "ListApp2/Supporting Files/Info.plist";
				INFOPLIST_KEY_UIApplicationSupportsIndirectInputEvents = YES;
				INFOPLIST_KEY_UILaunchStoryboardName = LaunchScreen;
				INFOPLIST_KEY_UIMainStoryboardFile = Main;
				INFOPLIST_KEY_UISupportedInterfaceOrientations_iPad = "UIInterfaceOrientationPortrait UIInterfaceOrientationPortraitUpsideDown UIInterfaceOrientationLandscapeLeft UIInterfaceOrientationLandscapeRight";
				INFOPLIST_KEY_UISupportedInterfaceOrientations_iPhone = "UIInterfaceOrientationPortrait UIInterfaceOrientationLandscapeLeft UIInterfaceOrientationLandscapeRight";
				LD_RUNPATH_SEARCH_PATHS = (
					"$(inherited)",
					"@executable_path/Frameworks",
				);
				MARKETING_VERSION = 1.0;
				PRODUCT_BUNDLE_IDENTIFIER = sengul.ListApp2;
				PRODUCT_NAME = "$(TARGET_NAME)";
				SWIFT_EMIT_LOC_STRINGS = YES;
				SWIFT_VERSION = 5.0;
				TARGETED_DEVICE_FAMILY = "1,2";
			};
			name = Release;
		};
/* End XCBuildConfiguration section */

/* Begin XCConfigurationList section */
		911CBE9B2AF67A8A005EBAC4 /* Build configuration list for PBXProject "ListApp2" */ = {
			isa = XCConfigurationList;
			buildConfigurations = (
				911CBEB52AF67A8B005EBAC4 /* Debug */,
				911CBEB62AF67A8B005EBAC4 /* Release */,
			);
			defaultConfigurationIsVisible = 0;
			defaultConfigurationName = Release;
		};
		911CBEB72AF67A8B005EBAC4 /* Build configuration list for PBXNativeTarget "ListApp2" */ = {
			isa = XCConfigurationList;
			buildConfigurations = (
				911CBEB82AF67A8B005EBAC4 /* Debug */,
				911CBEB92AF67A8B005EBAC4 /* Release */,
			);
			defaultConfigurationIsVisible = 0;
			defaultConfigurationName = Release;
		};
/* End XCConfigurationList section */

/* Begin XCVersionGroup section */
		911CBEAC2AF67A8A005EBAC4 /* ListApp2.xcdatamodeld */ = {
			isa = XCVersionGroup;
			children = (
				911CBEAD2AF67A8A005EBAC4 /* ListApp2.xcdatamodel */,
			);
			currentVersion = 911CBEAD2AF67A8A005EBAC4 /* ListApp2.xcdatamodel */;
			path = ListApp2.xcdatamodeld;
			sourceTree = "<group>";
			versionGroupType = wrapper.xcdatamodel;
		};
/* End XCVersionGroup section */
	};
	rootObject = 911CBE982AF67A8A005EBAC4 /* Project object */;
}
